# THIS IS AN AUTOGENERATED FILE. DO NOT EDIT THIS FILE DIRECTLY.
# yarn lockfile v1


"@swc/core-darwin-arm64@1.4.8":
  version "1.4.8"
  resolved "https://registry.yarnpkg.com/@swc/core-darwin-arm64/-/core-darwin-arm64-1.4.8.tgz#2fb702e209310c2da2bc712b0757c011b583a60d"
  integrity sha512-hhQCffRTgzpTIbngSnC30vV6IJVTI9FFBF954WEsshsecVoCGFiMwazBbrkLG+RwXENTrMhgeREEFh6R3KRgKQ==

"@swc/core-darwin-x64@1.4.8":
  version "1.4.8"
  resolved "https://registry.yarnpkg.com/@swc/core-darwin-x64/-/core-darwin-x64-1.4.8.tgz#a5bcbec6830800ca8acafbda1944464ca8421804"
  integrity sha512-P3ZBw8Jr8rKhY/J8d+6WqWriqngGTgHwtFeJ8MIakQJTbdYbFgXSZxcvDiERg3psbGeFXaUaPI0GO6BXv9k/OQ==

"@swc/core-linux-arm-gnueabihf@1.4.8":
  version "1.4.8"
  resolved "https://registry.yarnpkg.com/@swc/core-linux-arm-gnueabihf/-/core-linux-arm-gnueabihf-1.4.8.tgz#0bf6ae3793bbb7dd0e47c3d153350d31b7e63cf9"
  integrity sha512-PP9JIJt19bUWhAGcQW6qMwTjZOcMyzkvZa0/LWSlDm0ORYVLmDXUoeQbGD3e0Zju9UiZxyulnpjEN0ZihJgPTA==

"@swc/core-linux-arm64-gnu@1.4.8":
  version "1.4.8"
  resolved "https://registry.yarnpkg.com/@swc/core-linux-arm64-gnu/-/core-linux-arm64-gnu-1.4.8.tgz#8d3d3e698fc243d4a55c01a968b7297547aa6275"
  integrity sha512-HvEWnwKHkoVUr5iftWirTApFJ13hGzhAY2CMw4lz9lur2m+zhPviRRED0FCI6T95Knpv7+8eUOr98Z7ctrG6DQ==

"@swc/core-linux-arm64-musl@1.4.8":
  version "1.4.8"
  resolved "https://registry.yarnpkg.com/@swc/core-linux-arm64-musl/-/core-linux-arm64-musl-1.4.8.tgz#ace70bbb650ceb70609987c5b07ff34462960b9e"
  integrity sha512-kY8+qa7k/dEeBq9p0Hrta18QnJPpsiJvDQSLNaTIFpdM3aEM9zbkshWz8gaX5VVGUEALowCBUWqmzO4VaqM+2w==

"@swc/core-linux-x64-gnu@1.4.8":
  version "1.4.8"
  resolved "https://registry.yarnpkg.com/@swc/core-linux-x64-gnu/-/core-linux-x64-gnu-1.4.8.tgz#76e7fb06e5b6a14ed6dbc0fd00743706d022eb02"
  integrity sha512-0WWyIw432wpO/zeGblwq4f2YWam4pn8Z/Ig4KzHMgthR/KmiLU3f0Z7eo45eVmq5vcU7Os1zi/Zb65OOt09q/w==

"@swc/core-linux-x64-musl@1.4.8":
  version "1.4.8"
  resolved "https://registry.yarnpkg.com/@swc/core-linux-x64-musl/-/core-linux-x64-musl-1.4.8.tgz#a6e03fe6207fcb9715250c7af260e5ee1bf43c5a"
  integrity sha512-p4yxvVS05rBNCrBaSTa20KK88vOwtg8ifTW7ec/yoab0bD5EwzzB8KbDmLLxE6uziFa0sdjF0dfRDwSZPex37Q==

"@swc/core-win32-arm64-msvc@1.4.8":
  version "1.4.8"
  resolved "https://registry.yarnpkg.com/@swc/core-win32-arm64-msvc/-/core-win32-arm64-msvc-1.4.8.tgz#5daa44087324c49c64fdbb48fdb3aa00218de03b"
  integrity sha512-jKuXihxAaqUnbFfvPxtmxjdJfs87F1GdBf33il+VUmSyWCP4BE6vW+/ReDAe8sRNsKyrZ3UH1vI5q1n64csBUA==

"@swc/core-win32-ia32-msvc@1.4.8":
  version "1.4.8"
  resolved "https://registry.yarnpkg.com/@swc/core-win32-ia32-msvc/-/core-win32-ia32-msvc-1.4.8.tgz#0f1186d2d8bf60c12cfe8ac013b8a520fd850f2e"
  integrity sha512-O0wT4AGHrX8aBeH6c2ADMHgagAJc5Kf6W48U5moyYDAkkVnKvtSc4kGhjWhe1Yl0sI0cpYh2In2FxvYsb44eWw==

"@swc/core-win32-x64-msvc@1.4.8":
  version "1.4.8"
  resolved "https://registry.yarnpkg.com/@swc/core-win32-x64-msvc/-/core-win32-x64-msvc-1.4.8.tgz#0bf080132a52e332c7c221d1087a311824746d76"
  integrity sha512-C2AYc3A2o+ECciqsJWRgIpp83Vk5EaRzHe7ed/xOWzVd0MsWR+fweEsyOjlmzHfpUxJSi46Ak3/BIZJlhZbXbg==

"@swc/core@^1.4.0":
  version "1.4.8"
  resolved "https://registry.yarnpkg.com/@swc/core/-/core-1.4.8.tgz#de859373a01f499ed27744f6848b28bbb977e81c"
  integrity sha512-uY2RSJcFPgNOEg12RQZL197LZX+MunGiKxsbxmh22VfVxrOYGRvh4mPANFlrD1yb38CgmW1wI6YgIi8LkIwmWg==

"@swc/counter@^0.1.2":
  version "0.1.3"
  resolved "https://registry.yarnpkg.com/@swc/counter/-/counter-0.1.3.tgz#cc7463bd02949611c6329596fccd2b0ec782b0e9"
  integrity sha512-e2BR4lsJkkRlKZ/qCHPw9ZaSxc0MVUd7gtbtaB7aMvHeJVYe8sOB8DBZkP2DtISHGSku9sCK6T6cnY0CtXrOCQ==

"@swc/types@^0.1.5":
  version "0.1.5"
  resolved "https://registry.npmmirror.com/@swc/types/-/types-0.1.5.tgz#043b731d4f56a79b4897a3de1af35e75d56bc63a"
  integrity sha512-myfUej5naTBWnqOCc/MdVOLVjXUXtIA+NpDrDBKJtLLg2shUjBu3cZmB/85RyitKc55+lUUyl7oRfLOvkr2hsw==
